
Microsoft Visual Studio Solution File, Format Version 12.00
# Visual Studio 15
VisualStudioVersion = 15.0.27130.2010
MinimumVisualStudioVersion = 10.0.40219.1
Project("{8BC9CEB8-8B4A-11D0-8D11-00A0C91BC942}") = "ttt-core", "ttt-core\ttt-core.vcxproj", "{058B0BE0-A501-4726-9926-54D533CE245A}"
EndProject
Project("{8BC9CEB8-8B4A-11D0-8D11-00A0C91BC942}") = "ttt-core-tests", "ttt-core-tests\ttt-core-tests.vcxproj", "{34D1DA70-2988-4399-95FE-A7B466CCA966}"
EndProject
Project("{8BC9CEB8-8B4A-11D0-8D11-00A0C91BC942}") = "ttt-console-tests", "ttt-console-tests\ttt-console-tests.vcxproj", "{55CD29DD-8826-4352-B68B-A2A90688A589}"
EndProject
Project("{8BC9CEB8-8B4A-11D0-8D11-00A0C91BC942}") = "ttt-console", "ttt-console\ttt-console.vcxproj", "{3DC9A8E4-DCA3-4023-B527-9B3AC413A509}"
EndProject
Project("{8BC9CEB8-8B4A-11D0-8D11-00A0C91BC942}") = "ttt-test-utilities", "ttt-test-utilities\ttt-test-utilities.vcxproj", "{DC1EB087-718A-4068-BAEE-CA117F4609D7}"
EndProject
Project("{8BC9CEB8-8B4A-11D0-8D11-00A0C91BC942}") = "ttt-console-runner", "ttt-console-runner\ttt-console-runner.vcxproj", "{928A76EE-1251-4615-826B-9BD030A86CC1}"
EndProject
Global
	GlobalSection(SolutionConfigurationPlatforms) = preSolution
		Debug|x64 = Debug|x64
		Debug|x86 = Debug|x86
		Release|x64 = Release|x64
		Release|x86 = Release|x86
	EndGlobalSection
	GlobalSection(ProjectConfigurationPlatforms) = postSolution
		{058B0BE0-A501-4726-9926-54D533CE245A}.Debug|x64.ActiveCfg = Debug|x64
		{058B0BE0-A501-4726-9926-54D533CE245A}.Debug|x64.Build.0 = Debug|x64
		{058B0BE0-A501-4726-9926-54D533CE245A}.Debug|x86.ActiveCfg = Debug|Win32
		{058B0BE0-A501-4726-9926-54D533CE245A}.Debug|x86.Build.0 = Debug|Win32
		{058B0BE0-A501-4726-9926-54D533CE245A}.Release|x64.ActiveCfg = Release|x64
		{058B0BE0-A501-4726-9926-54D533CE245A}.Release|x64.Build.0 = Release|x64
		{058B0BE0-A501-4726-9926-54D533CE245A}.Release|x86.ActiveCfg = Release|Win32
		{058B0BE0-A501-4726-9926-54D533CE245A}.Release|x86.Build.0 = Release|Win32
		{34D1DA70-2988-4399-95FE-A7B466CCA966}.Debug|x64.ActiveCfg = Debug|x64
		{34D1DA70-2988-4399-95FE-A7B466CCA966}.Debug|x64.Build.0 = Debug|x64
		{34D1DA70-2988-4399-95FE-A7B466CCA966}.Debug|x86.ActiveCfg = Debug|Win32
		{34D1DA70-2988-4399-95FE-A7B466CCA966}.Debug|x86.Build.0 = Debug|Win32
		{34D1DA70-2988-4399-95FE-A7B466CCA966}.Release|x64.ActiveCfg = Release|x64
		{34D1DA70-2988-4399-95FE-A7B466CCA966}.Release|x64.Build.0 = Release|x64
		{34D1DA70-2988-4399-95FE-A7B466CCA966}.Release|x86.ActiveCfg = Release|Win32
		{34D1DA70-2988-4399-95FE-A7B466CCA966}.Release|x86.Build.0 = Release|Win32
		{55CD29DD-8826-4352-B68B-A2A90688A589}.Debug|x64.ActiveCfg = Debug|x64
		{55CD29DD-8826-4352-B68B-A2A90688A589}.Debug|x64.Build.0 = Debug|x64
		{55CD29DD-8826-4352-B68B-A2A90688A589}.Debug|x86.ActiveCfg = Debug|Win32
		{55CD29DD-8826-4352-B68B-A2A90688A589}.Debug|x86.Build.0 = Debug|Win32
		{55CD29DD-8826-4352-B68B-A2A90688A589}.Release|x64.ActiveCfg = Release|x64
		{55CD29DD-8826-4352-B68B-A2A90688A589}.Release|x64.Build.0 = Release|x64
		{55CD29DD-8826-4352-B68B-A2A90688A589}.Release|x86.ActiveCfg = Release|Win32
		{55CD29DD-8826-4352-B68B-A2A90688A589}.Release|x86.Build.0 = Release|Win32
		{3DC9A8E4-DCA3-4023-B527-9B3AC413A509}.Debug|x64.ActiveCfg = Debug|x64
		{3DC9A8E4-DCA3-4023-B527-9B3AC413A509}.Debug|x64.Build.0 = Debug|x64
		{3DC9A8E4-DCA3-4023-B527-9B3AC413A509}.Debug|x86.ActiveCfg = Debug|Win32
		{3DC9A8E4-DCA3-4023-B527-9B3AC413A509}.Debug|x86.Build.0 = Debug|Win32
		{3DC9A8E4-DCA3-4023-B527-9B3AC413A509}.Release|x64.ActiveCfg = Release|x64
		{3DC9A8E4-DCA3-4023-B527-9B3AC413A509}.Release|x64.Build.0 = Release|x64
		{3DC9A8E4-DCA3-4023-B527-9B3AC413A509}.Release|x86.ActiveCfg = Release|Win32
		{3DC9A8E4-DCA3-4023-B527-9B3AC413A509}.Release|x86.Build.0 = Release|Win32
		{DC1EB087-718A-4068-BAEE-CA117F4609D7}.Debug|x64.ActiveCfg = Debug|x64
		{DC1EB087-718A-4068-BAEE-CA117F4609D7}.Debug|x64.Build.0 = Debug|x64
		{DC1EB087-718A-4068-BAEE-CA117F4609D7}.Debug|x86.ActiveCfg = Debug|Win32
		{DC1EB087-718A-4068-BAEE-CA117F4609D7}.Debug|x86.Build.0 = Debug|Win32
		{DC1EB087-718A-4068-BAEE-CA117F4609D7}.Release|x64.ActiveCfg = Release|x64
		{DC1EB087-718A-4068-BAEE-CA117F4609D7}.Release|x64.Build.0 = Release|x64
		{DC1EB087-718A-4068-BAEE-CA117F4609D7}.Release|x86.ActiveCfg = Release|Win32
		{DC1EB087-718A-4068-BAEE-CA117F4609D7}.Release|x86.Build.0 = Release|Win32
		{928A76EE-1251-4615-826B-9BD030A86CC1}.Debug|x64.ActiveCfg = Debug|x64
		{928A76EE-1251-4615-826B-9BD030A86CC1}.Debug|x64.Build.0 = Debug|x64
		{928A76EE-1251-4615-826B-9BD030A86CC1}.Debug|x86.ActiveCfg = Debug|Win32
		{928A76EE-1251-4615-826B-9BD030A86CC1}.Debug|x86.Build.0 = Debug|Win32
		{928A76EE-1251-4615-826B-9BD030A86CC1}.Release|x64.ActiveCfg = Release|x64
		{928A76EE-1251-4615-826B-9BD030A86CC1}.Release|x64.Build.0 = Release|x64
		{928A76EE-1251-4615-826B-9BD030A86CC1}.Release|x86.ActiveCfg = Release|Win32
		{928A76EE-1251-4615-826B-9BD030A86CC1}.Release|x86.Build.0 = Release|Win32
	EndGlobalSection
	GlobalSection(SolutionProperties) = preSolution
		HideSolutionNode = FALSE
	EndGlobalSection
	GlobalSection(ExtensibilityGlobals) = postSolution
		SolutionGuid = {3E9C9781-D582-4481-A50A-5A9601AE190C}
	EndGlobalSection
EndGlobal
